{
  "name": "geojs-en-ka",
  "version": "1.0.0",
  "lockfileVersion": 3,
  "requires": true,
  "author": "tsotneforester <tsotne.meladze.usa@gmial.com>",
  "description": "A simple greeting package",
  "keywords": [
    "greet",
    "hello",
    "npm-package"
  ],
  "license": "MIT",
  "main": "index.js",
  "packages": {},
  "repository": {
    "type": "git",
    "url": "https://github.com/tsotneforester/geojs-en-ka"
  }
}
